
Microsoft Visual Studio Solution File, Format Version 12.00
# Visual Studio Version 17
VisualStudioVersion = 17.14.36616.10 d17.14
MinimumVisualStudioVersion = 10.0.40219.1
Project("{FAE04EC0-301F-11D3-BF4B-00C04F79EFBC}") = "Facturación", "Facturación.csproj", "{5CA1966E-EC54-6D6A-9BE8-38CFB5C09060}"
EndProject
Global
	GlobalSection(SolutionConfigurationPlatforms) = preSolution
		Debug|Any CPU = Debug|Any CPU
		Release|Any CPU = Release|Any CPU
	EndGlobalSection
	GlobalSection(ProjectConfigurationPlatforms) = postSolution
		{5CA1966E-EC54-6D6A-9BE8-38CFB5C09060}.Debug|Any CPU.ActiveCfg = Debug|Any CPU
		{5CA1966E-EC54-6D6A-9BE8-38CFB5C09060}.Debug|Any CPU.Build.0 = Debug|Any CPU
		{5CA1966E-EC54-6D6A-9BE8-38CFB5C09060}.Release|Any CPU.ActiveCfg = Release|Any CPU
		{5CA1966E-EC54-6D6A-9BE8-38CFB5C09060}.Release|Any CPU.Build.0 = Release|Any CPU
	EndGlobalSection
	GlobalSection(SolutionProperties) = preSolution
		HideSolutionNode = FALSE
	EndGlobalSection
	GlobalSection(ExtensibilityGlobals) = postSolution
		SolutionGuid = {5BF3697B-7EAA-481A-BBB9-67C888D1DD96}
	EndGlobalSection
EndGlobal
